
Microsoft Visual Studio Solution File, Format Version 12.00
# Visual Studio Version 17
VisualStudioVersion = 17.14.36518.9 d17.14
MinimumVisualStudioVersion = 10.0.40219.1
Project("{FAE04EC0-301F-11D3-BF4B-00C04F79EFBC}") = "wpf", "wpf.csproj", "{626ABA9A-124C-49B1-8D92-45B3C8399631}"
EndProject
Global
	GlobalSection(SolutionConfigurationPlatforms) = preSolution
		Debug|Any CPU = Debug|Any CPU
		Release|Any CPU = Release|Any CPU
	EndGlobalSection
	GlobalSection(ProjectConfigurationPlatforms) = postSolution
		{626ABA9A-124C-49B1-8D92-45B3C8399631}.Debug|Any CPU.ActiveCfg = Debug|Any CPU
		{626ABA9A-124C-49B1-8D92-45B3C8399631}.Debug|Any CPU.Build.0 = Debug|Any CPU
		{626ABA9A-124C-49B1-8D92-45B3C8399631}.Release|Any CPU.ActiveCfg = Release|Any CPU
		{626ABA9A-124C-49B1-8D92-45B3C8399631}.Release|Any CPU.Build.0 = Release|Any CPU
	EndGlobalSection
	GlobalSection(SolutionProperties) = preSolution
		HideSolutionNode = FALSE
	EndGlobalSection
	GlobalSection(ExtensibilityGlobals) = postSolution
		SolutionGuid = {321A73E0-8495-4C18-8E92-EA0F3E1D61D6}
	EndGlobalSection
EndGlobal
